// !$*UTF8*$!
{
	archiveVersion = 1;
	classes = {
	};
	objectVersion = 55;
	objects = {

/* Begin PBXBuildFile section */
		BC14ABA927298C9400F510AB /* Simple Task Record WatchKit App.app in Embed Watch Content */ = {isa = PBXBuildFile; fileRef = BC14ABA827298C9400F510AB /* Simple Task Record WatchKit App.app */; settings = {ATTRIBUTES = (RemoveHeadersOnCopy, ); }; };
		BC14ABAE27298C9600F510AB /* Assets.xcassets in Resources */ = {isa = PBXBuildFile; fileRef = BC14ABAD27298C9600F510AB /* Assets.xcassets */; };
		BC14ABB427298C9600F510AB /* Simple Task Record WatchKit Extension.appex in Embed App Extensions */ = {isa = PBXBuildFile; fileRef = BC14ABB327298C9600F510AB /* Simple Task Record WatchKit Extension.appex */; settings = {ATTRIBUTES = (RemoveHeadersOnCopy, ); }; };
		BC14ABB927298C9600F510AB /* Simple_Task_RecordApp.swift in Sources */ = {isa = PBXBuildFile; fileRef = BC14ABB827298C9600F510AB /* Simple_Task_RecordApp.swift */; };
		BC14ABBB27298C9600F510AB /* ContentView.swift in Sources */ = {isa = PBXBuildFile; fileRef = BC14ABBA27298C9600F510AB /* ContentView.swift */; };
		BC14ABBD27298C9600F510AB /* NotificationController.swift in Sources */ = {isa = PBXBuildFile; fileRef = BC14ABBC27298C9600F510AB /* NotificationController.swift */; };
		BC14ABBF27298C9600F510AB /* NotificationView.swift in Sources */ = {isa = PBXBuildFile; fileRef = BC14ABBE27298C9600F510AB /* NotificationView.swift */; };
		BC14ABC127298C9600F510AB /* ComplicationController.swift in Sources */ = {isa = PBXBuildFile; fileRef = BC14ABC027298C9600F510AB /* ComplicationController.swift */; };
		BC14ABC327298C9800F510AB /* Assets.xcassets in Resources */ = {isa = PBXBuildFile; fileRef = BC14ABC227298C9800F510AB /* Assets.xcassets */; };
		BC14ABC627298C9800F510AB /* Preview Assets.xcassets in Resources */ = {isa = PBXBuildFile; fileRef = BC14ABC527298C9800F510AB /* Preview Assets.xcassets */; };
		BC14ABD227298C9800F510AB /* Simple_Task_RecordTests.swift in Sources */ = {isa = PBXBuildFile; fileRef = BC14ABD127298C9800F510AB /* Simple_Task_RecordTests.swift */; };
		BC14ABDC27298C9800F510AB /* Simple_Task_RecordUITests.swift in Sources */ = {isa = PBXBuildFile; fileRef = BC14ABDB27298C9800F510AB /* Simple_Task_RecordUITests.swift */; };
		BC14ABDE27298C9800F510AB /* Simple_Task_RecordUITestsLaunchTests.swift in Sources */ = {isa = PBXBuildFile; fileRef = BC14ABDD27298C9800F510AB /* Simple_Task_RecordUITestsLaunchTests.swift */; };
		BC3C2F9F2729A01C00E58F9F /* CloudKit.framework in Frameworks */ = {isa = PBXBuildFile; fileRef = BC3C2F9E2729A01C00E58F9F /* CloudKit.framework */; };
		BC3C2FA3272AF9C900E58F9F /* PersistenceController.swift in Sources */ = {isa = PBXBuildFile; fileRef = BC3C2FA2272AF9C900E58F9F /* PersistenceController.swift */; };
		BC6D71FF272D9A7B00E649AC /* PersistenceController.swift in Sources */ = {isa = PBXBuildFile; fileRef = BC3C2FA2272AF9C900E58F9F /* PersistenceController.swift */; };
		BC6D7201272D9A7E00E649AC /* PersistenceController.swift in Sources */ = {isa = PBXBuildFile; fileRef = BC3C2FA2272AF9C900E58F9F /* PersistenceController.swift */; };
		BC6D7202272DA4F400E649AC /* TaskRecordModel.xcdatamodeld in Sources */ = {isa = PBXBuildFile; fileRef = BC3C2FA02729A12300E58F9F /* TaskRecordModel.xcdatamodeld */; };
		BC936A2A272ED131006D834F /* TaskRecordView.swift in Sources */ = {isa = PBXBuildFile; fileRef = BC936A29272ED131006D834F /* TaskRecordView.swift */; };
		BC936A2C272ED207006D834F /* ViewModel.swift in Sources */ = {isa = PBXBuildFile; fileRef = BC936A2B272ED207006D834F /* ViewModel.swift */; };
		BC989F172732271D00D06B11 /* SettingView.swift in Sources */ = {isa = PBXBuildFile; fileRef = BC989F162732271D00D06B11 /* SettingView.swift */; };
		BCB117072737A81000948000 /* TimePickerView.swift in Sources */ = {isa = PBXBuildFile; fileRef = BCB117062737A81000948000 /* TimePickerView.swift */; };
		BCC4E966272EBD3900966BA7 /* AddNewTaskView.swift in Sources */ = {isa = PBXBuildFile; fileRef = BCC4E965272EBD3900966BA7 /* AddNewTaskView.swift */; };
/* End PBXBuildFile section */

/* Begin PBXContainerItemProxy section */
		BC14ABAA27298C9400F510AB /* PBXContainerItemProxy */ = {
			isa = PBXContainerItemProxy;
			containerPortal = BC14AB9E27298C9400F510AB /* Project object */;
			proxyType = 1;
			remoteGlobalIDString = BC14ABA727298C9400F510AB;
			remoteInfo = "Simple Task Record WatchKit App";
		};
		BC14ABB527298C9600F510AB /* PBXContainerItemProxy */ = {
			isa = PBXContainerItemProxy;
			containerPortal = BC14AB9E27298C9400F510AB /* Project object */;
			proxyType = 1;
			remoteGlobalIDString = BC14ABB227298C9600F510AB;
			remoteInfo = "Simple Task Record WatchKit Extension";
		};
		BC14ABCE27298C9800F510AB /* PBXContainerItemProxy */ = {
			isa = PBXContainerItemProxy;
			containerPortal = BC14AB9E27298C9400F510AB /* Project object */;
			proxyType = 1;
			remoteGlobalIDString = BC14ABB227298C9600F510AB;
			remoteInfo = "Simple Task Record WatchKit Extension";
		};
		BC14ABD827298C9800F510AB /* PBXContainerItemProxy */ = {
			isa = PBXContainerItemProxy;
			containerPortal = BC14AB9E27298C9400F510AB /* Project object */;
			proxyType = 1;
			remoteGlobalIDString = BC14ABA727298C9400F510AB;
			remoteInfo = "Simple Task Record WatchKit App";
		};
/* End PBXContainerItemProxy section */

/* Begin PBXCopyFilesBuildPhase section */
		BC14ABE427298C9800F510AB /* Embed App Extensions */ = {
			isa = PBXCopyFilesBuildPhase;
			buildActionMask = 2147483647;
			dstPath = "";
			dstSubfolderSpec = 13;
			files = (
				BC14ABB427298C9600F510AB /* Simple Task Record WatchKit Extension.appex in Embed App Extensions */,
			);
			name = "Embed App Extensions";
			runOnlyForDeploymentPostprocessing = 0;
		};
		BC14ABE827298C9800F510AB /* Embed Watch Content */ = {
			isa = PBXCopyFilesBuildPhase;
			buildActionMask = 2147483647;
			dstPath = "$(CONTENTS_FOLDER_PATH)/Watch";
			dstSubfolderSpec = 16;
			files = (
				BC14ABA927298C9400F510AB /* Simple Task Record WatchKit App.app in Embed Watch Content */,
			);
			name = "Embed Watch Content";
			runOnlyForDeploymentPostprocessing = 0;
		};
/* End PBXCopyFilesBuildPhase section */

/* Begin PBXFileReference section */
		BC14ABA427298C9400F510AB /* Simple Task Record.app */ = {isa = PBXFileReference; explicitFileType = wrapper.application; includeInIndex = 0; path = "Simple Task Record.app"; sourceTree = BUILT_PRODUCTS_DIR; };
		BC14ABA827298C9400F510AB /* Simple Task Record WatchKit App.app */ = {isa = PBXFileReference; explicitFileType = wrapper.application; includeInIndex = 0; path = "Simple Task Record WatchKit App.app"; sourceTree = BUILT_PRODUCTS_DIR; };
		BC14ABAD27298C9600F510AB /* Assets.xcassets */ = {isa = PBXFileReference; lastKnownFileType = folder.assetcatalog; path = Assets.xcassets; sourceTree = "<group>"; };
		BC14ABB327298C9600F510AB /* Simple Task Record WatchKit Extension.appex */ = {isa = PBXFileReference; explicitFileType = "wrapper.app-extension"; includeInIndex = 0; path = "Simple Task Record WatchKit Extension.appex"; sourceTree = BUILT_PRODUCTS_DIR; };
		BC14ABB827298C9600F510AB /* Simple_Task_RecordApp.swift */ = {isa = PBXFileReference; lastKnownFileType = sourcecode.swift; path = Simple_Task_RecordApp.swift; sourceTree = "<group>"; };
		BC14ABBA27298C9600F510AB /* ContentView.swift */ = {isa = PBXFileReference; lastKnownFileType = sourcecode.swift; path = ContentView.swift; sourceTree = "<group>"; };
		BC14ABBC27298C9600F510AB /* NotificationController.swift */ = {isa = PBXFileReference; lastKnownFileType = sourcecode.swift; path = NotificationController.swift; sourceTree = "<group>"; };
		BC14ABBE27298C9600F510AB /* NotificationView.swift */ = {isa = PBXFileReference; lastKnownFileType = sourcecode.swift; path = NotificationView.swift; sourceTree = "<group>"; };
		BC14ABC027298C9600F510AB /* ComplicationController.swift */ = {isa = PBXFileReference; lastKnownFileType = sourcecode.swift; path = ComplicationController.swift; sourceTree = "<group>"; };
		BC14ABC227298C9800F510AB /* Assets.xcassets */ = {isa = PBXFileReference; lastKnownFileType = folder.assetcatalog; path = Assets.xcassets; sourceTree = "<group>"; };
		BC14ABC527298C9800F510AB /* Preview Assets.xcassets */ = {isa = PBXFileReference; lastKnownFileType = folder.assetcatalog; path = "Preview Assets.xcassets"; sourceTree = "<group>"; };
		BC14ABC727298C9800F510AB /* Info.plist */ = {isa = PBXFileReference; lastKnownFileType = text.plist.xml; path = Info.plist; sourceTree = "<group>"; };
		BC14ABC827298C9800F510AB /* PushNotificationPayload.apns */ = {isa = PBXFileReference; lastKnownFileType = text; path = PushNotificationPayload.apns; sourceTree = "<group>"; };
		BC14ABCD27298C9800F510AB /* Simple Task RecordTests.xctest */ = {isa = PBXFileReference; explicitFileType = wrapper.cfbundle; includeInIndex = 0; path = "Simple Task RecordTests.xctest"; sourceTree = BUILT_PRODUCTS_DIR; };
		BC14ABD127298C9800F510AB /* Simple_Task_RecordTests.swift */ = {isa = PBXFileReference; lastKnownFileType = sourcecode.swift; path = Simple_Task_RecordTests.swift; sourceTree = "<group>"; };
		BC14ABD727298C9800F510AB /* Simple Task RecordUITests.xctest */ = {isa = PBXFileReference; explicitFileType = wrapper.cfbundle; includeInIndex = 0; path = "Simple Task RecordUITests.xctest"; sourceTree = BUILT_PRODUCTS_DIR; };
		BC14ABDB27298C9800F510AB /* Simple_Task_RecordUITests.swift */ = {isa = PBXFileReference; lastKnownFileType = sourcecode.swift; path = Simple_Task_RecordUITests.swift; sourceTree = "<group>"; };
		BC14ABDD27298C9800F510AB /* Simple_Task_RecordUITestsLaunchTests.swift */ = {isa = PBXFileReference; lastKnownFileType = sourcecode.swift; path = Simple_Task_RecordUITestsLaunchTests.swift; sourceTree = "<group>"; };
		BC3C2F9C2729A01300E58F9F /* Simple Task Record WatchKit Extension.entitlements */ = {isa = PBXFileReference; lastKnownFileType = text.plist.entitlements; path = "Simple Task Record WatchKit Extension.entitlements"; sourceTree = "<group>"; };
		BC3C2F9E2729A01C00E58F9F /* CloudKit.framework */ = {isa = PBXFileReference; lastKnownFileType = wrapper.framework; name = CloudKit.framework; path = Platforms/WatchOS.platform/Developer/SDKs/WatchOS8.0.sdk/System/Library/Frameworks/CloudKit.framework; sourceTree = DEVELOPER_DIR; };
		BC3C2FA12729A12300E58F9F /* TaskRecordModel.xcdatamodel */ = {isa = PBXFileReference; lastKnownFileType = wrapper.xcdatamodel; path = TaskRecordModel.xcdatamodel; sourceTree = "<group>"; };
		BC3C2FA2272AF9C900E58F9F /* PersistenceController.swift */ = {isa = PBXFileReference; lastKnownFileType = sourcecode.swift; path = PersistenceController.swift; sourceTree = "<group>"; };
		BC936A29272ED131006D834F /* TaskRecordView.swift */ = {isa = PBXFileReference; lastKnownFileType = sourcecode.swift; path = TaskRecordView.swift; sourceTree = "<group>"; };
		BC936A2B272ED207006D834F /* ViewModel.swift */ = {isa = PBXFileReference; lastKnownFileType = sourcecode.swift; path = ViewModel.swift; sourceTree = "<group>"; };
		BC989F162732271D00D06B11 /* SettingView.swift */ = {isa = PBXFileReference; lastKnownFileType = sourcecode.swift; path = SettingView.swift; sourceTree = "<group>"; };
		BCB117062737A81000948000 /* TimePickerView.swift */ = {isa = PBXFileReference; lastKnownFileType = sourcecode.swift; path = TimePickerView.swift; sourceTree = "<group>"; };
		BCC4E965272EBD3900966BA7 /* AddNewTaskView.swift */ = {isa = PBXFileReference; lastKnownFileType = sourcecode.swift; path = AddNewTaskView.swift; sourceTree = "<group>"; };
/* End PBXFileReference section */

/* Begin PBXFrameworksBuildPhase section */
		BC14ABB027298C9600F510AB /* Frameworks */ = {
			isa = PBXFrameworksBuildPhase;
			buildActionMask = 2147483647;
			files = (
				BC3C2F9F2729A01C00E58F9F /* CloudKit.framework in Frameworks */,
			);
			runOnlyForDeploymentPostprocessing = 0;
		};
		BC14ABCA27298C9800F510AB /* Frameworks */ = {
			isa = PBXFrameworksBuildPhase;
			buildActionMask = 2147483647;
			files = (
			);
			runOnlyForDeploymentPostprocessing = 0;
		};
		BC14ABD427298C9800F510AB /* Frameworks */ = {
			isa = PBXFrameworksBuildPhase;
			buildActionMask = 2147483647;
			files = (
			);
			runOnlyForDeploymentPostprocessing = 0;
		};
/* End PBXFrameworksBuildPhase section */

/* Begin PBXGroup section */
		BC14AB9D27298C9400F510AB = {
			isa = PBXGroup;
			children = (
				BC14ABAC27298C9400F510AB /* Simple Task Record WatchKit App */,
				BC14ABB727298C9600F510AB /* Simple Task Record WatchKit Extension */,
				BC14ABD027298C9800F510AB /* Simple Task RecordTests */,
				BC14ABDA27298C9800F510AB /* Simple Task RecordUITests */,
				BC14ABA527298C9400F510AB /* Products */,
				BC3C2F9D2729A01C00E58F9F /* Frameworks */,
			);
			sourceTree = "<group>";
		};
		BC14ABA527298C9400F510AB /* Products */ = {
			isa = PBXGroup;
			children = (
				BC14ABA427298C9400F510AB /* Simple Task Record.app */,
				BC14ABA827298C9400F510AB /* Simple Task Record WatchKit App.app */,
				BC14ABB327298C9600F510AB /* Simple Task Record WatchKit Extension.appex */,
				BC14ABCD27298C9800F510AB /* Simple Task RecordTests.xctest */,
				BC14ABD727298C9800F510AB /* Simple Task RecordUITests.xctest */,
			);
			name = Products;
			sourceTree = "<group>";
		};
		BC14ABAC27298C9400F510AB /* Simple Task Record WatchKit App */ = {
			isa = PBXGroup;
			children = (
				BC14ABAD27298C9600F510AB /* Assets.xcassets */,
			);
			path = "Simple Task Record WatchKit App";
			sourceTree = "<group>";
		};
		BC14ABB727298C9600F510AB /* Simple Task Record WatchKit Extension */ = {
			isa = PBXGroup;
			children = (
				BCC4E964272EBB1500966BA7 /* View */,
				BCC4E963272EBAFE00966BA7 /* Model */,
				BC3C2F9C2729A01300E58F9F /* Simple Task Record WatchKit Extension.entitlements */,
				BC14ABB827298C9600F510AB /* Simple_Task_RecordApp.swift */,
				BC14ABBC27298C9600F510AB /* NotificationController.swift */,
				BC14ABBE27298C9600F510AB /* NotificationView.swift */,
				BC14ABC027298C9600F510AB /* ComplicationController.swift */,
				BC14ABC227298C9800F510AB /* Assets.xcassets */,
				BC14ABC727298C9800F510AB /* Info.plist */,
				BC14ABC827298C9800F510AB /* PushNotificationPayload.apns */,
				BC14ABC427298C9800F510AB /* Preview Content */,
				BC3C2FA2272AF9C900E58F9F /* PersistenceController.swift */,
				BC936A2B272ED207006D834F /* ViewModel.swift */,
			);
			path = "Simple Task Record WatchKit Extension";
			sourceTree = "<group>";
		};
		BC14ABC427298C9800F510AB /* Preview Content */ = {
			isa = PBXGroup;
			children = (
				BC14ABC527298C9800F510AB /* Preview Assets.xcassets */,
			);
			path = "Preview Content";
			sourceTree = "<group>";
		};
		BC14ABD027298C9800F510AB /* Simple Task RecordTests */ = {
			isa = PBXGroup;
			children = (
				BC14ABD127298C9800F510AB /* Simple_Task_RecordTests.swift */,
			);
			path = "Simple Task RecordTests";
			sourceTree = "<group>";
		};
		BC14ABDA27298C9800F510AB /* Simple Task RecordUITests */ = {
			isa = PBXGroup;
			children = (
				BC14ABDB27298C9800F510AB /* Simple_Task_RecordUITests.swift */,
				BC14ABDD27298C9800F510AB /* Simple_Task_RecordUITestsLaunchTests.swift */,
			);
			path = "Simple Task RecordUITests";
			sourceTree = "<group>";
		};
		BC3C2F9D2729A01C00E58F9F /* Frameworks */ = {
			isa = PBXGroup;
			children = (
				BC3C2F9E2729A01C00E58F9F /* CloudKit.framework */,
			);
			name = Frameworks;
			sourceTree = "<group>";
		};
		BCC4E963272EBAFE00966BA7 /* Model */ = {
			isa = PBXGroup;
			children = (
				BC3C2FA02729A12300E58F9F /* TaskRecordModel.xcdatamodeld */,
			);
			path = Model;
			sourceTree = "<group>";
		};
		BCC4E964272EBB1500966BA7 /* View */ = {
			isa = PBXGroup;
			children = (
				BC14ABBA27298C9600F510AB /* ContentView.swift */,
				BCC4E965272EBD3900966BA7 /* AddNewTaskView.swift */,
				BC936A29272ED131006D834F /* TaskRecordView.swift */,
				BC989F162732271D00D06B11 /* SettingView.swift */,
				BCB117062737A81000948000 /* TimePickerView.swift */,
			);
			path = View;
			sourceTree = "<group>";
		};
/* End PBXGroup section */

/* Begin PBXNativeTarget section */
		BC14ABA327298C9400F510AB /* Simple Task Record */ = {
			isa = PBXNativeTarget;
			buildConfigurationList = BC14ABE927298C9800F510AB /* Build configuration list for PBXNativeTarget "Simple Task Record" */;
			buildPhases = (
				BC14ABA227298C9400F510AB /* Resources */,
				BC14ABE827298C9800F510AB /* Embed Watch Content */,
			);
			buildRules = (
			);
			dependencies = (
				BC14ABAB27298C9400F510AB /* PBXTargetDependency */,
			);
			name = "Simple Task Record";
			productName = "Simple Task Record";
			productReference = BC14ABA427298C9400F510AB /* Simple Task Record.app */;
			productType = "com.apple.product-type.application.watchapp2-container";
		};
		BC14ABA727298C9400F510AB /* Simple Task Record WatchKit App */ = {
			isa = PBXNativeTarget;
			buildConfigurationList = BC14ABE527298C9800F510AB /* Build configuration list for PBXNativeTarget "Simple Task Record WatchKit App" */;
			buildPhases = (
				BC14ABA627298C9400F510AB /* Resources */,
				BC14ABE427298C9800F510AB /* Embed App Extensions */,
			);
			buildRules = (
			);
			dependencies = (
				BC14ABB627298C9600F510AB /* PBXTargetDependency */,
			);
			name = "Simple Task Record WatchKit App";
			productName = "Simple Task Record WatchKit App";
			productReference = BC14ABA827298C9400F510AB /* Simple Task Record WatchKit App.app */;
			productType = "com.apple.product-type.application.watchapp2";
		};
		BC14ABB227298C9600F510AB /* Simple Task Record WatchKit Extension */ = {
			isa = PBXNativeTarget;
			buildConfigurationList = BC14ABE127298C9800F510AB /* Build configuration list for PBXNativeTarget "Simple Task Record WatchKit Extension" */;
			buildPhases = (
				BC14ABAF27298C9600F510AB /* Sources */,
				BC14ABB027298C9600F510AB /* Frameworks */,
				BC14ABB127298C9600F510AB /* Resources */,
			);
			buildRules = (
			);
			dependencies = (
			);
			name = "Simple Task Record WatchKit Extension";
			productName = "Simple Task Record WatchKit Extension";
			productReference = BC14ABB327298C9600F510AB /* Simple Task Record WatchKit Extension.appex */;
			productType = "com.apple.product-type.watchkit2-extension";
		};
		BC14ABCC27298C9800F510AB /* Simple Task RecordTests */ = {
			isa = PBXNativeTarget;
			buildConfigurationList = BC14ABEC27298C9800F510AB /* Build configuration list for PBXNativeTarget "Simple Task RecordTests" */;
			buildPhases = (
				BC14ABC927298C9800F510AB /* Sources */,
				BC14ABCA27298C9800F510AB /* Frameworks */,
				BC14ABCB27298C9800F510AB /* Resources */,
			);
			buildRules = (
			);
			dependencies = (
				BC14ABCF27298C9800F510AB /* PBXTargetDependency */,
			);
			name = "Simple Task RecordTests";
			productName = "Simple Task RecordTests";
			productReference = BC14ABCD27298C9800F510AB /* Simple Task RecordTests.xctest */;
			productType = "com.apple.product-type.bundle.unit-test";
		};
		BC14ABD627298C9800F510AB /* Simple Task RecordUITests */ = {
			isa = PBXNativeTarget;
			buildConfigurationList = BC14ABEF27298C9800F510AB /* Build configuration list for PBXNativeTarget "Simple Task RecordUITests" */;
			buildPhases = (
				BC14ABD327298C9800F510AB /* Sources */,
				BC14ABD427298C9800F510AB /* Frameworks */,
				BC14ABD527298C9800F510AB /* Resources */,
			);
			buildRules = (
			);
			dependencies = (
				BC14ABD927298C9800F510AB /* PBXTargetDependency */,
			);
			name = "Simple Task RecordUITests";
			productName = "Simple Task RecordUITests";
			productReference = BC14ABD727298C9800F510AB /* Simple Task RecordUITests.xctest */;
			productType = "com.apple.product-type.bundle.ui-testing";
		};
/* End PBXNativeTarget section */

/* Begin PBXProject section */
		BC14AB9E27298C9400F510AB /* Project object */ = {
			isa = PBXProject;
			attributes = {
				BuildIndependentTargetsInParallel = 1;
				LastSwiftUpdateCheck = 1310;
				LastUpgradeCheck = 1310;
				TargetAttributes = {
					BC14ABA327298C9400F510AB = {
						CreatedOnToolsVersion = 13.1;
					};
					BC14ABA727298C9400F510AB = {
						CreatedOnToolsVersion = 13.1;
					};
					BC14ABB227298C9600F510AB = {
						CreatedOnToolsVersion = 13.1;
					};
					BC14ABCC27298C9800F510AB = {
						CreatedOnToolsVersion = 13.1;
						TestTargetID = BC14ABB227298C9600F510AB;
					};
					BC14ABD627298C9800F510AB = {
						CreatedOnToolsVersion = 13.1;
						TestTargetID = BC14ABA727298C9400F510AB;
					};
				};
			};
			buildConfigurationList = BC14ABA127298C9400F510AB /* Build configuration list for PBXProject "Simple Task Record" */;
			compatibilityVersion = "Xcode 13.0";
			developmentRegion = en;
			hasScannedForEncodings = 0;
			knownRegions = (
				en,
				Base,
			);
			mainGroup = BC14AB9D27298C9400F510AB;
			productRefGroup = BC14ABA527298C9400F510AB /* Products */;
			projectDirPath = "";
			projectRoot = "";
			targets = (
				BC14ABA327298C9400F510AB /* Simple Task Record */,
				BC14ABA727298C9400F510AB /* Simple Task Record WatchKit App */,
				BC14ABB227298C9600F510AB /* Simple Task Record WatchKit Extension */,
				BC14ABCC27298C9800F510AB /* Simple Task RecordTests */,
				BC14ABD627298C9800F510AB /* Simple Task RecordUITests */,
			);
		};
/* End PBXProject section */

/* Begin PBXResourcesBuildPhase section */
		BC14ABA227298C9400F510AB /* Resources */ = {
			isa = PBXResourcesBuildPhase;
			buildActionMask = 2147483647;
			files = (
			);
			runOnlyForDeploymentPostprocessing = 0;
		};
		BC14ABA627298C9400F510AB /* Resources */ = {
			isa = PBXResourcesBuildPhase;
			buildActionMask = 2147483647;
			files = (
				BC14ABAE27298C9600F510AB /* Assets.xcassets in Resources */,
			);
			runOnlyForDeploymentPostprocessing = 0;
		};
		BC14ABB127298C9600F510AB /* Resources */ = {
			isa = PBXResourcesBuildPhase;
			buildActionMask = 2147483647;
			files = (
				BC14ABC627298C9800F510AB /* Preview Assets.xcassets in Resources */,
				BC14ABC327298C9800F510AB /* Assets.xcassets in Resources */,
			);
			runOnlyForDeploymentPostprocessing = 0;
		};
		BC14ABCB27298C9800F510AB /* Resources */ = {
			isa = PBXResourcesBuildPhase;
			buildActionMask = 2147483647;
			files = (
			);
			runOnlyForDeploymentPostprocessing = 0;
		};
		BC14ABD527298C9800F510AB /* Resources */ = {
			isa = PBXResourcesBuildPhase;
			buildActionMask = 2147483647;
			files = (
			);
			runOnlyForDeploymentPostprocessing = 0;
		};
/* End PBXResourcesBuildPhase section */

/* Begin PBXSourcesBuildPhase section */
		BC14ABAF27298C9600F510AB /* Sources */ = {
			isa = PBXSourcesBuildPhase;
			buildActionMask = 2147483647;
			files = (
				BC936A2C272ED207006D834F /* ViewModel.swift in Sources */,
				BCC4E966272EBD3900966BA7 /* AddNewTaskView.swift in Sources */,
				BC936A2A272ED131006D834F /* TaskRecordView.swift in Sources */,
				BC14ABBD27298C9600F510AB /* NotificationController.swift in Sources */,
				BC14ABBB27298C9600F510AB /* ContentView.swift in Sources */,
				BC14ABC127298C9600F510AB /* ComplicationController.swift in Sources */,
				BC6D7202272DA4F400E649AC /* TaskRecordModel.xcdatamodeld in Sources */,
				BCB117072737A81000948000 /* TimePickerView.swift in Sources */,
				BC3C2FA3272AF9C900E58F9F /* PersistenceController.swift in Sources */,
				BC14ABB927298C9600F510AB /* Simple_Task_RecordApp.swift in Sources */,
				BC14ABBF27298C9600F510AB /* NotificationView.swift in Sources */,
				BC989F172732271D00D06B11 /* SettingView.swift in Sources */,
			);
			runOnlyForDeploymentPostprocessing = 0;
		};
		BC14ABC927298C9800F510AB /* Sources */ = {
			isa = PBXSourcesBuildPhase;
			buildActionMask = 2147483647;
			files = (
				BC14ABD227298C9800F510AB /* Simple_Task_RecordTests.swift in Sources */,
				BC6D71FF272D9A7B00E649AC /* PersistenceController.swift in Sources */,
			);
			runOnlyForDeploymentPostprocessing = 0;
		};
		BC14ABD327298C9800F510AB /* Sources */ = {
			isa = PBXSourcesBuildPhase;
			buildActionMask = 2147483647;
			files = (
				BC6D7201272D9A7E00E649AC /* PersistenceController.swift in Sources */,
				BC14ABDE27298C9800F510AB /* Simple_Task_RecordUITestsLaunchTests.swift in Sources */,
				BC14ABDC27298C9800F510AB /* Simple_Task_RecordUITests.swift in Sources */,
			);
			runOnlyForDeploymentPostprocessing = 0;
		};
/* End PBXSourcesBuildPhase section */

/* Begin PBXTargetDependency section */
		BC14ABAB27298C9400F510AB /* PBXTargetDependency */ = {
			isa = PBXTargetDependency;
			target = BC14ABA727298C9400F510AB /* Simple Task Record WatchKit App */;
			targetProxy = BC14ABAA27298C9400F510AB /* PBXContainerItemProxy */;
		};
		BC14ABB627298C9600F510AB /* PBXTargetDependency */ = {
			isa = PBXTargetDependency;
			target = BC14ABB227298C9600F510AB /* Simple Task Record WatchKit Extension */;
			targetProxy = BC14ABB527298C9600F510AB /* PBXContainerItemProxy */;
		};
		BC14ABCF27298C9800F510AB /* PBXTargetDependency */ = {
			isa = PBXTargetDependency;
			target = BC14ABB227298C9600F510AB /* Simple Task Record WatchKit Extension */;
			targetProxy = BC14ABCE27298C9800F510AB /* PBXContainerItemProxy */;
		};
		BC14ABD927298C9800F510AB /* PBXTargetDependency */ = {
			isa = PBXTargetDependency;
			target = BC14ABA727298C9400F510AB /* Simple Task Record WatchKit App */;
			targetProxy = BC14ABD827298C9800F510AB /* PBXContainerItemProxy */;
		};
/* End PBXTargetDependency section */

/* Begin XCBuildConfiguration section */
		BC14ABDF27298C9800F510AB /* Debug */ = {
			isa = XCBuildConfiguration;
			buildSettings = {
				ALWAYS_SEARCH_USER_PATHS = NO;
				CLANG_ANALYZER_NONNULL = YES;
				CLANG_ANALYZER_NUMBER_OBJECT_CONVERSION = YES_AGGRESSIVE;
				CLANG_CXX_LANGUAGE_STANDARD = "gnu++17";
				CLANG_CXX_LIBRARY = "libc++";
				CLANG_ENABLE_MODULES = YES;
				CLANG_ENABLE_OBJC_ARC = YES;
				CLANG_ENABLE_OBJC_WEAK = YES;
				CLANG_WARN_BLOCK_CAPTURE_AUTORELEASING = YES;
				CLANG_WARN_BOOL_CONVERSION = YES;
				CLANG_WARN_COMMA = YES;
				CLANG_WARN_CONSTANT_CONVERSION = YES;
				CLANG_WARN_DEPRECATED_OBJC_IMPLEMENTATIONS = YES;
				CLANG_WARN_DIRECT_OBJC_ISA_USAGE = YES_ERROR;
				CLANG_WARN_DOCUMENTATION_COMMENTS = YES;
				CLANG_WARN_EMPTY_BODY = YES;
				CLANG_WARN_ENUM_CONVERSION = YES;
				CLANG_WARN_INFINITE_RECURSION = YES;
				CLANG_WARN_INT_CONVERSION = YES;
				CLANG_WARN_NON_LITERAL_NULL_CONVERSION = YES;
				CLANG_WARN_OBJC_IMPLICIT_RETAIN_SELF = YES;
				CLANG_WARN_OBJC_LITERAL_CONVERSION = YES;
				CLANG_WARN_OBJC_ROOT_CLASS = YES_ERROR;
				CLANG_WARN_QUOTED_INCLUDE_IN_FRAMEWORK_HEADER = YES;
				CLANG_WARN_RANGE_LOOP_ANALYSIS = YES;
				CLANG_WARN_STRICT_PROTOTYPES = YES;
				CLANG_WARN_SUSPICIOUS_MOVE = YES;
				CLANG_WARN_UNGUARDED_AVAILABILITY = YES_AGGRESSIVE;
				CLANG_WARN_UNREACHABLE_CODE = YES;
				CLANG_WARN__DUPLICATE_METHOD_MATCH = YES;
				COPY_PHASE_STRIP = NO;
				DEBUG_INFORMATION_FORMAT = dwarf;
				ENABLE_STRICT_OBJC_MSGSEND = YES;
				ENABLE_TESTABILITY = YES;
				GCC_C_LANGUAGE_STANDARD = gnu11;
				GCC_DYNAMIC_NO_PIC = NO;
				GCC_NO_COMMON_BLOCKS = YES;
				GCC_OPTIMIZATION_LEVEL = 0;
				GCC_PREPROCESSOR_DEFINITIONS = (
					"DEBUG=1",
					"$(inherited)",
				);
				GCC_WARN_64_TO_32_BIT_CONVERSION = YES;
				GCC_WARN_ABOUT_RETURN_TYPE = YES_ERROR;
				GCC_WARN_UNDECLARED_SELECTOR = YES;
				GCC_WARN_UNINITIALIZED_AUTOS = YES_AGGRESSIVE;
				GCC_WARN_UNUSED_FUNCTION = YES;
				GCC_WARN_UNUSED_VARIABLE = YES;
				MTL_ENABLE_DEBUG_INFO = INCLUDE_SOURCE;
				MTL_FAST_MATH = YES;
				ONLY_ACTIVE_ARCH = YES;
				SDKROOT = iphoneos;
				SWIFT_ACTIVE_COMPILATION_CONDITIONS = DEBUG;
				SWIFT_OPTIMIZATION_LEVEL = "-Onone";
			};
			name = Debug;
		};
		BC14ABE027298C9800F510AB /* Release */ = {
			isa = XCBuildConfiguration;
			buildSettings = {
				ALWAYS_SEARCH_USER_PATHS = NO;
				CLANG_ANALYZER_NONNULL = YES;
				CLANG_ANALYZER_NUMBER_OBJECT_CONVERSION = YES_AGGRESSIVE;
				CLANG_CXX_LANGUAGE_STANDARD = "gnu++17";
				CLANG_CXX_LIBRARY = "libc++";
				CLANG_ENABLE_MODULES = YES;
				CLANG_ENABLE_OBJC_ARC = YES;
				CLANG_ENABLE_OBJC_WEAK = YES;
				CLANG_WARN_BLOCK_CAPTURE_AUTORELEASING = YES;
				CLANG_WARN_BOOL_CONVERSION = YES;
				CLANG_WARN_COMMA = YES;
				CLANG_WARN_CONSTANT_CONVERSION = YES;
				CLANG_WARN_DEPRECATED_OBJC_IMPLEMENTATIONS = YES;
				CLANG_WARN_DIRECT_OBJC_ISA_USAGE = YES_ERROR;
				CLANG_WARN_DOCUMENTATION_COMMENTS = YES;
				CLANG_WARN_EMPTY_BODY = YES;
				CLANG_WARN_ENUM_CONVERSION = YES;
				CLANG_WARN_INFINITE_RECURSION = YES;
				CLANG_WARN_INT_CONVERSION = YES;
				CLANG_WARN_NON_LITERAL_NULL_CONVERSION = YES;
				CLANG_WARN_OBJC_IMPLICIT_RETAIN_SELF = YES;
				CLANG_WARN_OBJC_LITERAL_CONVERSION = YES;
				CLANG_WARN_OBJC_ROOT_CLASS = YES_ERROR;
				CLANG_WARN_QUOTED_INCLUDE_IN_FRAMEWORK_HEADER = YES;
				CLANG_WARN_RANGE_LOOP_ANALYSIS = YES;
				CLANG_WARN_STRICT_PROTOTYPES = YES;
				CLANG_WARN_SUSPICIOUS_MOVE = YES;
				CLANG_WARN_UNGUARDED_AVAILABILITY = YES_AGGRESSIVE;
				CLANG_WARN_UNREACHABLE_CODE = YES;
				CLANG_WARN__DUPLICATE_METHOD_MATCH = YES;
				COPY_PHASE_STRIP = NO;
				DEBUG_INFORMATION_FORMAT = "dwarf-with-dsym";
				ENABLE_NS_ASSERTIONS = NO;
				ENABLE_STRICT_OBJC_MSGSEND = YES;
				GCC_C_LANGUAGE_STANDARD = gnu11;
				GCC_NO_COMMON_BLOCKS = YES;
				GCC_WARN_64_TO_32_BIT_CONVERSION = YES;
				GCC_WARN_ABOUT_RETURN_TYPE = YES_ERROR;
				GCC_WARN_UNDECLARED_SELECTOR = YES;
				GCC_WARN_UNINITIALIZED_AUTOS = YES_AGGRESSIVE;
				GCC_WARN_UNUSED_FUNCTION = YES;
				GCC_WARN_UNUSED_VARIABLE = YES;
				MTL_ENABLE_DEBUG_INFO = NO;
				MTL_FAST_MATH = YES;
				SDKROOT = iphoneos;
				SWIFT_COMPILATION_MODE = wholemodule;
				SWIFT_OPTIMIZATION_LEVEL = "-O";
				VALIDATE_PRODUCT = YES;
			};
			name = Release;
		};
		BC14ABE227298C9800F510AB /* Debug */ = {
			isa = XCBuildConfiguration;
			buildSettings = {
				ASSETCATALOG_COMPILER_COMPLICATION_NAME = Complication;
				CODE_SIGN_ENTITLEMENTS = "Simple Task Record WatchKit Extension/Simple Task Record WatchKit Extension.entitlements";
				CODE_SIGN_STYLE = Automatic;
				CURRENT_PROJECT_VERSION = 1;
				DEVELOPMENT_ASSET_PATHS = "\"Simple Task Record WatchKit Extension/Preview Content\"";
				DEVELOPMENT_TEAM = 73DAMN5444;
				ENABLE_PREVIEWS = YES;
				GENERATE_INFOPLIST_FILE = YES;
				INFOPLIST_FILE = "Simple Task Record WatchKit Extension/Info.plist";
				INFOPLIST_KEY_CFBundleDisplayName = "Simple Task Record WatchKit Extension";
				INFOPLIST_KEY_CLKComplicationPrincipalClass = Simple_Task_Record_WatchKit_Extension.ComplicationController;
				INFOPLIST_KEY_NSHumanReadableCopyright = "";
				INFOPLIST_KEY_WKWatchOnly = YES;
				LD_RUNPATH_SEARCH_PATHS = (
					"$(inherited)",
					"@executable_path/Frameworks",
					"@executable_path/../../Frameworks",
				);
				MARKETING_VERSION = 1.0;
				PRODUCT_BUNDLE_IDENTIFIER = "toshikinagahama.Simple-Task-Record.watchkitapp.watchkitextension";
				PRODUCT_NAME = "${TARGET_NAME}";
				SDKROOT = watchos;
				SKIP_INSTALL = YES;
				SWIFT_EMIT_LOC_STRINGS = YES;
				SWIFT_VERSION = 5.0;
				TARGETED_DEVICE_FAMILY = 4;
				WATCHOS_DEPLOYMENT_TARGET = 8.0;
			};
			name = Debug;
		};
		BC14ABE327298C9800F510AB /* Release */ = {
			isa = XCBuildConfiguration;
			buildSettings = {
				ASSETCATALOG_COMPILER_COMPLICATION_NAME = Complication;
				CODE_SIGN_ENTITLEMENTS = "Simple Task Record WatchKit Extension/Simple Task Record WatchKit Extension.entitlements";
				CODE_SIGN_STYLE = Automatic;
				CURRENT_PROJECT_VERSION = 1;
				DEVELOPMENT_ASSET_PATHS = "\"Simple Task Record WatchKit Extension/Preview Content\"";
				DEVELOPMENT_TEAM = 73DAMN5444;
				ENABLE_PREVIEWS = YES;
				GENERATE_INFOPLIST_FILE = YES;
				INFOPLIST_FILE = "Simple Task Record WatchKit Extension/Info.plist";
				INFOPLIST_KEY_CFBundleDisplayName = "Simple Task Record WatchKit Extension";
				INFOPLIST_KEY_CLKComplicationPrincipalClass = Simple_Task_Record_WatchKit_Extension.ComplicationController;
				INFOPLIST_KEY_NSHumanReadableCopyright = "";
				INFOPLIST_KEY_WKWatchOnly = YES;
				LD_RUNPATH_SEARCH_PATHS = (
					"$(inherited)",
					"@executable_path/Frameworks",
					"@executable_path/../../Frameworks",
				);
				MARKETING_VERSION = 1.0;
				PRODUCT_BUNDLE_IDENTIFIER = "toshikinagahama.Simple-Task-Record.watchkitapp.watchkitextension";
				PRODUCT_NAME = "${TARGET_NAME}";
				SDKROOT = watchos;
				SKIP_INSTALL = YES;
				SWIFT_EMIT_LOC_STRINGS = YES;
				SWIFT_VERSION = 5.0;
				TARGETED_DEVICE_FAMILY = 4;
				WATCHOS_DEPLOYMENT_TARGET = 8.0;
			};
			name = Release;
		};
		BC14ABE627298C9800F510AB /* Debug */ = {
			isa = XCBuildConfiguration;
			buildSettings = {
				ALWAYS_EMBED_SWIFT_STANDARD_LIBRARIES = YES;
				ASSETCATALOG_COMPILER_APPICON_NAME = AppIcon;
				ASSETCATALOG_COMPILER_GLOBAL_ACCENT_COLOR_NAME = AccentColor;
				CODE_SIGN_STYLE = Automatic;
				CURRENT_PROJECT_VERSION = 1;
				DEVELOPMENT_TEAM = 73DAMN5444;
				GENERATE_INFOPLIST_FILE = YES;
				IBSC_MODULE = Simple_Task_Record_WatchKit_Extension;
				INFOPLIST_KEY_CFBundleDisplayName = "Simple Task Record WatchKit App";
				INFOPLIST_KEY_UISupportedInterfaceOrientations = "UIInterfaceOrientationPortrait UIInterfaceOrientationPortraitUpsideDown";
				MARKETING_VERSION = 1.0;
				PRODUCT_BUNDLE_IDENTIFIER = "toshikinagahama.Simple-Task-Record.watchkitapp";
				PRODUCT_NAME = "$(TARGET_NAME)";
				SDKROOT = watchos;
				SKIP_INSTALL = YES;
				SWIFT_EMIT_LOC_STRINGS = YES;
				SWIFT_VERSION = 5.0;
				TARGETED_DEVICE_FAMILY = 4;
				WATCHOS_DEPLOYMENT_TARGET = 8.0;
			};
			name = Debug;
		};
		BC14ABE727298C9800F510AB /* Release */ = {
			isa = XCBuildConfiguration;
			buildSettings = {
				ALWAYS_EMBED_SWIFT_STANDARD_LIBRARIES = YES;
				ASSETCATALOG_COMPILER_APPICON_NAME = AppIcon;
				ASSETCATALOG_COMPILER_GLOBAL_ACCENT_COLOR_NAME = AccentColor;
				CODE_SIGN_STYLE = Automatic;
				CURRENT_PROJECT_VERSION = 1;
				DEVELOPMENT_TEAM = 73DAMN5444;
				GENERATE_INFOPLIST_FILE = YES;
				IBSC_MODULE = Simple_Task_Record_WatchKit_Extension;
				INFOPLIST_KEY_CFBundleDisplayName = "Simple Task Record WatchKit App";
				INFOPLIST_KEY_UISupportedInterfaceOrientations = "UIInterfaceOrientationPortrait UIInterfaceOrientationPortraitUpsideDown";
				MARKETING_VERSION = 1.0;
				PRODUCT_BUNDLE_IDENTIFIER = "toshikinagahama.Simple-Task-Record.watchkitapp";
				PRODUCT_NAME = "$(TARGET_NAME)";
				SDKROOT = watchos;
				SKIP_INSTALL = YES;
				SWIFT_EMIT_LOC_STRINGS = YES;
				SWIFT_VERSION = 5.0;
				TARGETED_DEVICE_FAMILY = 4;
				WATCHOS_DEPLOYMENT_TARGET = 8.0;
			};
			name = Release;
		};
		BC14ABEA27298C9800F510AB /* Debug */ = {
			isa = XCBuildConfiguration;
			buildSettings = {
				CODE_SIGN_STYLE = Automatic;
				CURRENT_PROJECT_VERSION = 1;
				DEVELOPMENT_TEAM = 73DAMN5444;
				MARKETING_VERSION = 1.0;
				PRODUCT_BUNDLE_IDENTIFIER = "toshikinagahama.Simple-Task-Record";
				PRODUCT_NAME = "$(TARGET_NAME)";
				SWIFT_VERSION = 5.0;
			};
			name = Debug;
		};
		BC14ABEB27298C9800F510AB /* Release */ = {
			isa = XCBuildConfiguration;
			buildSettings = {
				CODE_SIGN_STYLE = Automatic;
				CURRENT_PROJECT_VERSION = 1;
				DEVELOPMENT_TEAM = 73DAMN5444;
				MARKETING_VERSION = 1.0;
				PRODUCT_BUNDLE_IDENTIFIER = "toshikinagahama.Simple-Task-Record";
				PRODUCT_NAME = "$(TARGET_NAME)";
				SWIFT_VERSION = 5.0;
			};
			name = Release;
		};
		BC14ABED27298C9800F510AB /* Debug */ = {
			isa = XCBuildConfiguration;
			buildSettings = {
				ALWAYS_EMBED_SWIFT_STANDARD_LIBRARIES = YES;
				BUNDLE_LOADER = "$(TEST_HOST)";
				CODE_SIGN_STYLE = Automatic;
				CURRENT_PROJECT_VERSION = 1;
				DEVELOPMENT_TEAM = 73DAMN5444;
				GENERATE_INFOPLIST_FILE = YES;
				LD_RUNPATH_SEARCH_PATHS = (
					"$(inherited)",
					"@executable_path/Frameworks",
					"@loader_path/Frameworks",
				);
				MARKETING_VERSION = 1.0;
				PRODUCT_BUNDLE_IDENTIFIER = "toshikinagahama.Simple-Task-RecordTests";
				PRODUCT_NAME = "$(TARGET_NAME)";
				SDKROOT = watchos;
				SWIFT_EMIT_LOC_STRINGS = NO;
				SWIFT_VERSION = 5.0;
				TARGETED_DEVICE_FAMILY = 4;
				TEST_HOST = "$(BUILT_PRODUCTS_DIR)/Simple Task Record WatchKit Extension.appex/Simple Task Record WatchKit Extension";
				WATCHOS_DEPLOYMENT_TARGET = 8.0;
			};
			name = Debug;
		};
		BC14ABEE27298C9800F510AB /* Release */ = {
			isa = XCBuildConfiguration;
			buildSettings = {
				ALWAYS_EMBED_SWIFT_STANDARD_LIBRARIES = YES;
				BUNDLE_LOADER = "$(TEST_HOST)";
				CODE_SIGN_STYLE = Automatic;
				CURRENT_PROJECT_VERSION = 1;
				DEVELOPMENT_TEAM = 73DAMN5444;
				GENERATE_INFOPLIST_FILE = YES;
				LD_RUNPATH_SEARCH_PATHS = (
					"$(inherited)",
					"@executable_path/Frameworks",
					"@loader_path/Frameworks",
				);
				MARKETING_VERSION = 1.0;
				PRODUCT_BUNDLE_IDENTIFIER = "toshikinagahama.Simple-Task-RecordTests";
				PRODUCT_NAME = "$(TARGET_NAME)";
				SDKROOT = watchos;
				SWIFT_EMIT_LOC_STRINGS = NO;
				SWIFT_VERSION = 5.0;
				TARGETED_DEVICE_FAMILY = 4;
				TEST_HOST = "$(BUILT_PRODUCTS_DIR)/Simple Task Record WatchKit Extension.appex/Simple Task Record WatchKit Extension";
				WATCHOS_DEPLOYMENT_TARGET = 8.0;
			};
			name = Release;
		};
		BC14ABF027298C9800F510AB /* Debug */ = {
			isa = XCBuildConfiguration;
			buildSettings = {
				CODE_SIGN_STYLE = Automatic;
				CURRENT_PROJECT_VERSION = 1;
				DEVELOPMENT_TEAM = 73DAMN5444;
				GENERATE_INFOPLIST_FILE = YES;
				LD_RUNPATH_SEARCH_PATHS = (
					"$(inherited)",
					"@executable_path/Frameworks",
					"@loader_path/Frameworks",
				);
				MARKETING_VERSION = 1.0;
				PRODUCT_BUNDLE_IDENTIFIER = "toshikinagahama.Simple-Task-RecordUITests";
				PRODUCT_NAME = "$(TARGET_NAME)";
				SDKROOT = watchos;
				SWIFT_EMIT_LOC_STRINGS = NO;
				SWIFT_VERSION = 5.0;
				TARGETED_DEVICE_FAMILY = 4;
				TEST_TARGET_NAME = "Simple Task Record WatchKit App";
				WATCHOS_DEPLOYMENT_TARGET = 8.0;
			};
			name = Debug;
		};
		BC14ABF127298C9800F510AB /* Release */ = {
			isa = XCBuildConfiguration;
			buildSettings = {
				CODE_SIGN_STYLE = Automatic;
				CURRENT_PROJECT_VERSION = 1;
				DEVELOPMENT_TEAM = 73DAMN5444;
				GENERATE_INFOPLIST_FILE = YES;
				LD_RUNPATH_SEARCH_PATHS = (
					"$(inherited)",
					"@executable_path/Frameworks",
					"@loader_path/Frameworks",
				);
				MARKETING_VERSION = 1.0;
				PRODUCT_BUNDLE_IDENTIFIER = "toshikinagahama.Simple-Task-RecordUITests";
				PRODUCT_NAME = "$(TARGET_NAME)";
				SDKROOT = watchos;
				SWIFT_EMIT_LOC_STRINGS = NO;
				SWIFT_VERSION = 5.0;
				TARGETED_DEVICE_FAMILY = 4;
				TEST_TARGET_NAME = "Simple Task Record WatchKit App";
				WATCHOS_DEPLOYMENT_TARGET = 8.0;
			};
			name = Release;
		};
/* End XCBuildConfiguration section */

/* Begin XCConfigurationList section */
		BC14ABA127298C9400F510AB /* Build configuration list for PBXProject "Simple Task Record" */ = {
			isa = XCConfigurationList;
			buildConfigurations = (
				BC14ABDF27298C9800F510AB /* Debug */,
				BC14ABE027298C9800F510AB /* Release */,
			);
			defaultConfigurationIsVisible = 0;
			defaultConfigurationName = Release;
		};
		BC14ABE127298C9800F510AB /* Build configuration list for PBXNativeTarget "Simple Task Record WatchKit Extension" */ = {
			isa = XCConfigurationList;
			buildConfigurations = (
				BC14ABE227298C9800F510AB /* Debug */,
				BC14ABE327298C9800F510AB /* Release */,
			);
			defaultConfigurationIsVisible = 0;
			defaultConfigurationName = Release;
		};
		BC14ABE527298C9800F510AB /* Build configuration list for PBXNativeTarget "Simple Task Record WatchKit App" */ = {
			isa = XCConfigurationList;
			buildConfigurations = (
				BC14ABE627298C9800F510AB /* Debug */,
				BC14ABE727298C9800F510AB /* Release */,
			);
			defaultConfigurationIsVisible = 0;
			defaultConfigurationName = Release;
		};
		BC14ABE927298C9800F510AB /* Build configuration list for PBXNativeTarget "Simple Task Record" */ = {
			isa = XCConfigurationList;
			buildConfigurations = (
				BC14ABEA27298C9800F510AB /* Debug */,
				BC14ABEB27298C9800F510AB /* Release */,
			);
			defaultConfigurationIsVisible = 0;
			defaultConfigurationName = Release;
		};
		BC14ABEC27298C9800F510AB /* Build configuration list for PBXNativeTarget "Simple Task RecordTests" */ = {
			isa = XCConfigurationList;
			buildConfigurations = (
				BC14ABED27298C9800F510AB /* Debug */,
				BC14ABEE27298C9800F510AB /* Release */,
			);
			defaultConfigurationIsVisible = 0;
			defaultConfigurationName = Release;
		};
		BC14ABEF27298C9800F510AB /* Build configuration list for PBXNativeTarget "Simple Task RecordUITests" */ = {
			isa = XCConfigurationList;
			buildConfigurations = (
				BC14ABF027298C9800F510AB /* Debug */,
				BC14ABF127298C9800F510AB /* Release */,
			);
			defaultConfigurationIsVisible = 0;
			defaultConfigurationName = Release;
		};
/* End XCConfigurationList section */

/* Begin XCVersionGroup section */
		BC3C2FA02729A12300E58F9F /* TaskRecordModel.xcdatamodeld */ = {
			isa = XCVersionGroup;
			children = (
				BC3C2FA12729A12300E58F9F /* TaskRecordModel.xcdatamodel */,
			);
			currentVersion = BC3C2FA12729A12300E58F9F /* TaskRecordModel.xcdatamodel */;
			path = TaskRecordModel.xcdatamodeld;
			sourceTree = "<group>";
			versionGroupType = wrapper.xcdatamodel;
		};
/* End XCVersionGroup section */
	};
	rootObject = BC14AB9E27298C9400F510AB /* Project object */;
}
